// !$*UTF8*$!
{
	archiveVersion = 1;
	classes = {
	};
	objectVersion = 56;
	objects = {

/* Begin PBXBuildFile section */
		73453AEE29003336008D21F9 /* SearchViewController.swift in Sources */ = {isa = PBXBuildFile; fileRef = 73453AED29003336008D21F9 /* SearchViewController.swift */; };
		734DC9EE28FF42D9007EBD0A /* AppDelegate.swift in Sources */ = {isa = PBXBuildFile; fileRef = 734DC9ED28FF42D9007EBD0A /* AppDelegate.swift */; };
		734DC9F028FF42D9007EBD0A /* SceneDelegate.swift in Sources */ = {isa = PBXBuildFile; fileRef = 734DC9EF28FF42D9007EBD0A /* SceneDelegate.swift */; };
		734DC9F528FF42D9007EBD0A /* Main.storyboard in Resources */ = {isa = PBXBuildFile; fileRef = 734DC9F328FF42D9007EBD0A /* Main.storyboard */; };
		734DC9F728FF42DA007EBD0A /* Assets.xcassets in Resources */ = {isa = PBXBuildFile; fileRef = 734DC9F628FF42DA007EBD0A /* Assets.xcassets */; };
		734DC9FA28FF42DA007EBD0A /* LaunchScreen.storyboard in Resources */ = {isa = PBXBuildFile; fileRef = 734DC9F828FF42DA007EBD0A /* LaunchScreen.storyboard */; };
		734DCA0628FF4A81007EBD0A /* Montserrat SemiBold 600.ttf in Resources */ = {isa = PBXBuildFile; fileRef = 734DCA0328FF4A81007EBD0A /* Montserrat SemiBold 600.ttf */; };
		734DCA0728FF4A81007EBD0A /* Montserrat Bold 700.ttf in Resources */ = {isa = PBXBuildFile; fileRef = 734DCA0428FF4A81007EBD0A /* Montserrat Bold 700.ttf */; };
		734DCA0828FF4A81007EBD0A /* Montserrat-Regular.ttf in Resources */ = {isa = PBXBuildFile; fileRef = 734DCA0528FF4A81007EBD0A /* Montserrat-Regular.ttf */; };
		7397BFC328FF6C7F0014DE65 /* OnboardingViewController.swift in Sources */ = {isa = PBXBuildFile; fileRef = 7397BFC228FF6C7F0014DE65 /* OnboardingViewController.swift */; };
		7397BFC528FF6CAE0014DE65 /* OnboardingCollectionViewCell.swift in Sources */ = {isa = PBXBuildFile; fileRef = 7397BFC428FF6CAE0014DE65 /* OnboardingCollectionViewCell.swift */; };
		7397BFC828FF6D2D0014DE65 /* OnboardingSlide.swift in Sources */ = {isa = PBXBuildFile; fileRef = 7397BFC728FF6D2D0014DE65 /* OnboardingSlide.swift */; };
		7397BFCD28FF6DC00014DE65 /* UserDefaults+Extension.swift in Sources */ = {isa = PBXBuildFile; fileRef = 7397BFCC28FF6DC00014DE65 /* UserDefaults+Extension.swift */; };
		73EB1A10290084C100F4563B /* InfoViewController.swift in Sources */ = {isa = PBXBuildFile; fileRef = 73EB1A0F290084C100F4563B /* InfoViewController.swift */; };
/* End PBXBuildFile section */

/* Begin PBXFileReference section */
		73453AED29003336008D21F9 /* SearchViewController.swift */ = {isa = PBXFileReference; lastKnownFileType = sourcecode.swift; path = SearchViewController.swift; sourceTree = "<group>"; };
		734DC9EA28FF42D9007EBD0A /* vemo_project_ios.app */ = {isa = PBXFileReference; explicitFileType = wrapper.application; includeInIndex = 0; path = vemo_project_ios.app; sourceTree = BUILT_PRODUCTS_DIR; };
		734DC9ED28FF42D9007EBD0A /* AppDelegate.swift */ = {isa = PBXFileReference; lastKnownFileType = sourcecode.swift; path = AppDelegate.swift; sourceTree = "<group>"; };
		734DC9EF28FF42D9007EBD0A /* SceneDelegate.swift */ = {isa = PBXFileReference; lastKnownFileType = sourcecode.swift; path = SceneDelegate.swift; sourceTree = "<group>"; };
		734DC9F428FF42D9007EBD0A /* Base */ = {isa = PBXFileReference; lastKnownFileType = file.storyboard; name = Base; path = Base.lproj/Main.storyboard; sourceTree = "<group>"; };
		734DC9F628FF42DA007EBD0A /* Assets.xcassets */ = {isa = PBXFileReference; lastKnownFileType = folder.assetcatalog; path = Assets.xcassets; sourceTree = "<group>"; };
		734DC9F928FF42DA007EBD0A /* Base */ = {isa = PBXFileReference; lastKnownFileType = file.storyboard; name = Base; path = Base.lproj/LaunchScreen.storyboard; sourceTree = "<group>"; };
		734DC9FB28FF42DA007EBD0A /* Info.plist */ = {isa = PBXFileReference; lastKnownFileType = text.plist.xml; path = Info.plist; sourceTree = "<group>"; };
		734DCA0328FF4A81007EBD0A /* Montserrat SemiBold 600.ttf */ = {isa = PBXFileReference; lastKnownFileType = file; name = "Montserrat SemiBold 600.ttf"; path = "../../../../Downloads/Montserrat SemiBold 600.ttf"; sourceTree = "<group>"; };
		734DCA0428FF4A81007EBD0A /* Montserrat Bold 700.ttf */ = {isa = PBXFileReference; lastKnownFileType = file; name = "Montserrat Bold 700.ttf"; path = "../../../../Downloads/Montserrat Bold 700.ttf"; sourceTree = "<group>"; };
		734DCA0528FF4A81007EBD0A /* Montserrat-Regular.ttf */ = {isa = PBXFileReference; lastKnownFileType = file; name = "Montserrat-Regular.ttf"; path = "../../../../Downloads/Montserrat-Regular.ttf"; sourceTree = "<group>"; };
		7397BFC228FF6C7F0014DE65 /* OnboardingViewController.swift */ = {isa = PBXFileReference; lastKnownFileType = sourcecode.swift; path = OnboardingViewController.swift; sourceTree = "<group>"; };
		7397BFC428FF6CAE0014DE65 /* OnboardingCollectionViewCell.swift */ = {isa = PBXFileReference; lastKnownFileType = sourcecode.swift; path = OnboardingCollectionViewCell.swift; sourceTree = "<group>"; };
		7397BFC728FF6D2D0014DE65 /* OnboardingSlide.swift */ = {isa = PBXFileReference; lastKnownFileType = sourcecode.swift; path = OnboardingSlide.swift; sourceTree = "<group>"; };
		7397BFCC28FF6DC00014DE65 /* UserDefaults+Extension.swift */ = {isa = PBXFileReference; lastKnownFileType = sourcecode.swift; path = "UserDefaults+Extension.swift"; sourceTree = "<group>"; };
		73EB1A0F290084C100F4563B /* InfoViewController.swift */ = {isa = PBXFileReference; lastKnownFileType = sourcecode.swift; path = InfoViewController.swift; sourceTree = "<group>"; };
/* End PBXFileReference section */

/* Begin PBXFrameworksBuildPhase section */
		734DC9E728FF42D8007EBD0A /* Frameworks */ = {
			isa = PBXFrameworksBuildPhase;
			buildActionMask = 2147483647;
			files = (
			);
			runOnlyForDeploymentPostprocessing = 0;
		};
/* End PBXFrameworksBuildPhase section */

/* Begin PBXGroup section */
		734DC9E128FF42D8007EBD0A = {
			isa = PBXGroup;
			children = (
				734DC9EC28FF42D9007EBD0A /* vemo_project_ios */,
				734DC9EB28FF42D9007EBD0A /* Products */,
			);
			sourceTree = "<group>";
		};
		734DC9EB28FF42D9007EBD0A /* Products */ = {
			isa = PBXGroup;
			children = (
				734DC9EA28FF42D9007EBD0A /* vemo_project_ios.app */,
			);
			name = Products;
			sourceTree = "<group>";
		};
		734DC9EC28FF42D9007EBD0A /* vemo_project_ios */ = {
			isa = PBXGroup;
			children = (
				7397BFCB28FF6DB30014DE65 /* Extenstions */,
				7397BFC628FF6D240014DE65 /* Models */,
				734DCA0928FF4F9B007EBD0A /* Controllers */,
				734DCA0228FF4A1E007EBD0A /* fonts */,
				734DC9ED28FF42D9007EBD0A /* AppDelegate.swift */,
				734DC9EF28FF42D9007EBD0A /* SceneDelegate.swift */,
				734DC9F328FF42D9007EBD0A /* Main.storyboard */,
				734DC9F628FF42DA007EBD0A /* Assets.xcassets */,
				734DC9F828FF42DA007EBD0A /* LaunchScreen.storyboard */,
				734DC9FB28FF42DA007EBD0A /* Info.plist */,
			);
			path = vemo_project_ios;
			sourceTree = "<group>";
		};
		734DCA0228FF4A1E007EBD0A /* fonts */ = {
			isa = PBXGroup;
			children = (
				734DCA0428FF4A81007EBD0A /* Montserrat Bold 700.ttf */,
				734DCA0328FF4A81007EBD0A /* Montserrat SemiBold 600.ttf */,
				734DCA0528FF4A81007EBD0A /* Montserrat-Regular.ttf */,
			);
			path = fonts;
			sourceTree = "<group>";
		};
		734DCA0928FF4F9B007EBD0A /* Controllers */ = {
			isa = PBXGroup;
			children = (
				7397BFC228FF6C7F0014DE65 /* OnboardingViewController.swift */,
				7397BFC428FF6CAE0014DE65 /* OnboardingCollectionViewCell.swift */,
				73453AED29003336008D21F9 /* SearchViewController.swift */,
				73EB1A0F290084C100F4563B /* InfoViewController.swift */,
			);
			path = Controllers;
			sourceTree = "<group>";
		};
		7397BFC628FF6D240014DE65 /* Models */ = {
			isa = PBXGroup;
			children = (
				7397BFC728FF6D2D0014DE65 /* OnboardingSlide.swift */,
			);
			path = Models;
			sourceTree = "<group>";
		};
		7397BFCB28FF6DB30014DE65 /* Extenstions */ = {
			isa = PBXGroup;
			children = (
				7397BFCC28FF6DC00014DE65 /* UserDefaults+Extension.swift */,
			);
			path = Extenstions;
			sourceTree = "<group>";
		};
/* End PBXGroup section */

/* Begin PBXNativeTarget section */
		734DC9E928FF42D8007EBD0A /* vemo_project_ios */ = {
			isa = PBXNativeTarget;
			buildConfigurationList = 734DC9FE28FF42DA007EBD0A /* Build configuration list for PBXNativeTarget "vemo_project_ios" */;
			buildPhases = (
				734DC9E628FF42D8007EBD0A /* Sources */,
				734DC9E728FF42D8007EBD0A /* Frameworks */,
				734DC9E828FF42D8007EBD0A /* Resources */,
			);
			buildRules = (
			);
			dependencies = (
			);
			name = vemo_project_ios;
			productName = vemo_project_ios;
			productReference = 734DC9EA28FF42D9007EBD0A /* vemo_project_ios.app */;
			productType = "com.apple.product-type.application";
		};
/* End PBXNativeTarget section */

/* Begin PBXProject section */
		734DC9E228FF42D8007EBD0A /* Project object */ = {
			isa = PBXProject;
			attributes = {
				BuildIndependentTargetsInParallel = 1;
				LastSwiftUpdateCheck = 1400;
				LastUpgradeCheck = 1400;
				TargetAttributes = {
					734DC9E928FF42D8007EBD0A = {
						CreatedOnToolsVersion = 14.0.1;
					};
				};
			};
			buildConfigurationList = 734DC9E528FF42D8007EBD0A /* Build configuration list for PBXProject "vemo_project_ios" */;
			compatibilityVersion = "Xcode 14.0";
			developmentRegion = en;
			hasScannedForEncodings = 0;
			knownRegions = (
				en,
				Base,
			);
			mainGroup = 734DC9E128FF42D8007EBD0A;
			productRefGroup = 734DC9EB28FF42D9007EBD0A /* Products */;
			projectDirPath = "";
			projectRoot = "";
			targets = (
				734DC9E928FF42D8007EBD0A /* vemo_project_ios */,
			);
		};
/* End PBXProject section */

/* Begin PBXResourcesBuildPhase section */
		734DC9E828FF42D8007EBD0A /* Resources */ = {
			isa = PBXResourcesBuildPhase;
			buildActionMask = 2147483647;
			files = (
				734DCA0828FF4A81007EBD0A /* Montserrat-Regular.ttf in Resources */,
				734DC9FA28FF42DA007EBD0A /* LaunchScreen.storyboard in Resources */,
				734DC9F728FF42DA007EBD0A /* Assets.xcassets in Resources */,
				734DCA0728FF4A81007EBD0A /* Montserrat Bold 700.ttf in Resources */,
				734DC9F528FF42D9007EBD0A /* Main.storyboard in Resources */,
				734DCA0628FF4A81007EBD0A /* Montserrat SemiBold 600.ttf in Resources */,
			);
			runOnlyForDeploymentPostprocessing = 0;
		};
/* End PBXResourcesBuildPhase section */

/* Begin PBXSourcesBuildPhase section */
		734DC9E628FF42D8007EBD0A /* Sources */ = {
			isa = PBXSourcesBuildPhase;
			buildActionMask = 2147483647;
			files = (
				7397BFC828FF6D2D0014DE65 /* OnboardingSlide.swift in Sources */,
				73453AEE29003336008D21F9 /* SearchViewController.swift in Sources */,
				734DC9EE28FF42D9007EBD0A /* AppDelegate.swift in Sources */,
				7397BFC328FF6C7F0014DE65 /* OnboardingViewController.swift in Sources */,
				734DC9F028FF42D9007EBD0A /* SceneDelegate.swift in Sources */,
				7397BFCD28FF6DC00014DE65 /* UserDefaults+Extension.swift in Sources */,
				73EB1A10290084C100F4563B /* InfoViewController.swift in Sources */,
				7397BFC528FF6CAE0014DE65 /* OnboardingCollectionViewCell.swift in Sources */,
			);
			runOnlyForDeploymentPostprocessing = 0;
		};
/* End PBXSourcesBuildPhase section */

/* Begin PBXVariantGroup section */
		734DC9F328FF42D9007EBD0A /* Main.storyboard */ = {
			isa = PBXVariantGroup;
			children = (
				734DC9F428FF42D9007EBD0A /* Base */,
			);
			name = Main.storyboard;
			sourceTree = "<group>";
		};
		734DC9F828FF42DA007EBD0A /* LaunchScreen.storyboard */ = {
			isa = PBXVariantGroup;
			children = (
				734DC9F928FF42DA007EBD0A /* Base */,
			);
			name = LaunchScreen.storyboard;
			sourceTree = "<group>";
		};
/* End PBXVariantGroup section */

/* Begin XCBuildConfiguration section */
		734DC9FC28FF42DA007EBD0A /* Debug */ = {
			isa = XCBuildConfiguration;
			buildSettings = {
				ALWAYS_SEARCH_USER_PATHS = NO;
				CLANG_ANALYZER_NONNULL = YES;
				CLANG_ANALYZER_NUMBER_OBJECT_CONVERSION = YES_AGGRESSIVE;
				CLANG_CXX_LANGUAGE_STANDARD = "gnu++20";
				CLANG_ENABLE_MODULES = YES;
				CLANG_ENABLE_OBJC_ARC = YES;
				CLANG_ENABLE_OBJC_WEAK = YES;
				CLANG_WARN_BLOCK_CAPTURE_AUTORELEASING = YES;
				CLANG_WARN_BOOL_CONVERSION = YES;
				CLANG_WARN_COMMA = YES;
				CLANG_WARN_CONSTANT_CONVERSION = YES;
				CLANG_WARN_DEPRECATED_OBJC_IMPLEMENTATIONS = YES;
				CLANG_WARN_DIRECT_OBJC_ISA_USAGE = YES_ERROR;
				CLANG_WARN_DOCUMENTATION_COMMENTS = YES;
				CLANG_WARN_EMPTY_BODY = YES;
				CLANG_WARN_ENUM_CONVERSION = YES;
				CLANG_WARN_INFINITE_RECURSION = YES;
				CLANG_WARN_INT_CONVERSION = YES;
				CLANG_WARN_NON_LITERAL_NULL_CONVERSION = YES;
				CLANG_WARN_OBJC_IMPLICIT_RETAIN_SELF = YES;
				CLANG_WARN_OBJC_LITERAL_CONVERSION = YES;
				CLANG_WARN_OBJC_ROOT_CLASS = YES_ERROR;
				CLANG_WARN_QUOTED_INCLUDE_IN_FRAMEWORK_HEADER = YES;
				CLANG_WARN_RANGE_LOOP_ANALYSIS = YES;
				CLANG_WARN_STRICT_PROTOTYPES = YES;
				CLANG_WARN_SUSPICIOUS_MOVE = YES;
				CLANG_WARN_UNGUARDED_AVAILABILITY = YES_AGGRESSIVE;
				CLANG_WARN_UNREACHABLE_CODE = YES;
				CLANG_WARN__DUPLICATE_METHOD_MATCH = YES;
				COPY_PHASE_STRIP = NO;
				DEBUG_INFORMATION_FORMAT = dwarf;
				ENABLE_STRICT_OBJC_MSGSEND = YES;
				ENABLE_TESTABILITY = YES;
				GCC_C_LANGUAGE_STANDARD = gnu11;
				GCC_DYNAMIC_NO_PIC = NO;
				GCC_NO_COMMON_BLOCKS = YES;
				GCC_OPTIMIZATION_LEVEL = 0;
				GCC_PREPROCESSOR_DEFINITIONS = (
					"DEBUG=1",
					"$(inherited)",
				);
				GCC_WARN_64_TO_32_BIT_CONVERSION = YES;
				GCC_WARN_ABOUT_RETURN_TYPE = YES_ERROR;
				GCC_WARN_UNDECLARED_SELECTOR = YES;
				GCC_WARN_UNINITIALIZED_AUTOS = YES_AGGRESSIVE;
				GCC_WARN_UNUSED_FUNCTION = YES;
				GCC_WARN_UNUSED_VARIABLE = YES;
				IPHONEOS_DEPLOYMENT_TARGET = 13.0;
				MTL_ENABLE_DEBUG_INFO = INCLUDE_SOURCE;
				MTL_FAST_MATH = YES;
				ONLY_ACTIVE_ARCH = YES;
				SDKROOT = iphoneos;
				SWIFT_ACTIVE_COMPILATION_CONDITIONS = DEBUG;
				SWIFT_OPTIMIZATION_LEVEL = "-Onone";
			};
			name = Debug;
		};
		734DC9FD28FF42DA007EBD0A /* Release */ = {
			isa = XCBuildConfiguration;
			buildSettings = {
				ALWAYS_SEARCH_USER_PATHS = NO;
				CLANG_ANALYZER_NONNULL = YES;
				CLANG_ANALYZER_NUMBER_OBJECT_CONVERSION = YES_AGGRESSIVE;
				CLANG_CXX_LANGUAGE_STANDARD = "gnu++20";
				CLANG_ENABLE_MODULES = YES;
				CLANG_ENABLE_OBJC_ARC = YES;
				CLANG_ENABLE_OBJC_WEAK = YES;
				CLANG_WARN_BLOCK_CAPTURE_AUTORELEASING = YES;
				CLANG_WARN_BOOL_CONVERSION = YES;
				CLANG_WARN_COMMA = YES;
				CLANG_WARN_CONSTANT_CONVERSION = YES;
				CLANG_WARN_DEPRECATED_OBJC_IMPLEMENTATIONS = YES;
				CLANG_WARN_DIRECT_OBJC_ISA_USAGE = YES_ERROR;
				CLANG_WARN_DOCUMENTATION_COMMENTS = YES;
				CLANG_WARN_EMPTY_BODY = YES;
				CLANG_WARN_ENUM_CONVERSION = YES;
				CLANG_WARN_INFINITE_RECURSION = YES;
				CLANG_WARN_INT_CONVERSION = YES;
				CLANG_WARN_NON_LITERAL_NULL_CONVERSION = YES;
				CLANG_WARN_OBJC_IMPLICIT_RETAIN_SELF = YES;
				CLANG_WARN_OBJC_LITERAL_CONVERSION = YES;
				CLANG_WARN_OBJC_ROOT_CLASS = YES_ERROR;
				CLANG_WARN_QUOTED_INCLUDE_IN_FRAMEWORK_HEADER = YES;
				CLANG_WARN_RANGE_LOOP_ANALYSIS = YES;
				CLANG_WARN_STRICT_PROTOTYPES = YES;
				CLANG_WARN_SUSPICIOUS_MOVE = YES;
				CLANG_WARN_UNGUARDED_AVAILABILITY = YES_AGGRESSIVE;
				CLANG_WARN_UNREACHABLE_CODE = YES;
				CLANG_WARN__DUPLICATE_METHOD_MATCH = YES;
				COPY_PHASE_STRIP = NO;
				DEBUG_INFORMATION_FORMAT = "dwarf-with-dsym";
				ENABLE_NS_ASSERTIONS = NO;
				ENABLE_STRICT_OBJC_MSGSEND = YES;
				GCC_C_LANGUAGE_STANDARD = gnu11;
				GCC_NO_COMMON_BLOCKS = YES;
				GCC_WARN_64_TO_32_BIT_CONVERSION = YES;
				GCC_WARN_ABOUT_RETURN_TYPE = YES_ERROR;
				GCC_WARN_UNDECLARED_SELECTOR = YES;
				GCC_WARN_UNINITIALIZED_AUTOS = YES_AGGRESSIVE;
				GCC_WARN_UNUSED_FUNCTION = YES;
				GCC_WARN_UNUSED_VARIABLE = YES;
				IPHONEOS_DEPLOYMENT_TARGET = 13.0;
				MTL_ENABLE_DEBUG_INFO = NO;
				MTL_FAST_MATH = YES;
				SDKROOT = iphoneos;
				SWIFT_COMPILATION_MODE = wholemodule;
				SWIFT_OPTIMIZATION_LEVEL = "-O";
				VALIDATE_PRODUCT = YES;
			};
			name = Release;
		};
		734DC9FF28FF42DA007EBD0A /* Debug */ = {
			isa = XCBuildConfiguration;
			buildSettings = {
				ASSETCATALOG_COMPILER_APPICON_NAME = AppIcon;
				ASSETCATALOG_COMPILER_GLOBAL_ACCENT_COLOR_NAME = AccentColor;
				CODE_SIGN_STYLE = Automatic;
				CURRENT_PROJECT_VERSION = 1;
				DEVELOPMENT_TEAM = 32TDRHHMUS;
				GENERATE_INFOPLIST_FILE = YES;
				INFOPLIST_FILE = vemo_project_ios/Info.plist;
				INFOPLIST_KEY_CFBundleDisplayName = VemoApp;
				INFOPLIST_KEY_LSApplicationCategoryType = "public.app-category.utilities";
				INFOPLIST_KEY_UIApplicationSupportsIndirectInputEvents = YES;
				INFOPLIST_KEY_UILaunchStoryboardName = LaunchScreen;
				INFOPLIST_KEY_UIMainStoryboardFile = Main;
				INFOPLIST_KEY_UIRequiresFullScreen = NO;
				INFOPLIST_KEY_UISupportedInterfaceOrientations = "UIInterfaceOrientationLandscapeLeft UIInterfaceOrientationLandscapeRight UIInterfaceOrientationPortrait";
				INFOPLIST_KEY_UISupportedInterfaceOrientations_iPad = "UIInterfaceOrientationLandscapeLeft UIInterfaceOrientationLandscapeRight UIInterfaceOrientationPortrait UIInterfaceOrientationPortraitUpsideDown";
				IPHONEOS_DEPLOYMENT_TARGET = 13.0;
				LD_RUNPATH_SEARCH_PATHS = (
					"$(inherited)",
					"@executable_path/Frameworks",
				);
				MARKETING_VERSION = 1.0;
				PRODUCT_BUNDLE_IDENTIFIER = "com.vemo-project-ios";
				PRODUCT_NAME = "$(TARGET_NAME)";
				SWIFT_EMIT_LOC_STRINGS = YES;
				SWIFT_VERSION = 5.0;
				TARGETED_DEVICE_FAMILY = "1,2";
			};
			name = Debug;
		};
		734DCA0028FF42DA007EBD0A /* Release */ = {
			isa = XCBuildConfiguration;
			buildSettings = {
				ASSETCATALOG_COMPILER_APPICON_NAME = AppIcon;
				ASSETCATALOG_COMPILER_GLOBAL_ACCENT_COLOR_NAME = AccentColor;
				CODE_SIGN_STYLE = Automatic;
				CURRENT_PROJECT_VERSION = 1;
				DEVELOPMENT_TEAM = 32TDRHHMUS;
				GENERATE_INFOPLIST_FILE = YES;
				INFOPLIST_FILE = vemo_project_ios/Info.plist;
				INFOPLIST_KEY_CFBundleDisplayName = VemoApp;
				INFOPLIST_KEY_LSApplicationCategoryType = "public.app-category.utilities";
				INFOPLIST_KEY_UIApplicationSupportsIndirectInputEvents = YES;
				INFOPLIST_KEY_UILaunchStoryboardName = LaunchScreen;
				INFOPLIST_KEY_UIMainStoryboardFile = Main;
				INFOPLIST_KEY_UIRequiresFullScreen = NO;
				INFOPLIST_KEY_UISupportedInterfaceOrientations = "UIInterfaceOrientationLandscapeLeft UIInterfaceOrientationLandscapeRight UIInterfaceOrientationPortrait";
				INFOPLIST_KEY_UISupportedInterfaceOrientations_iPad = "UIInterfaceOrientationLandscapeLeft UIInterfaceOrientationLandscapeRight UIInterfaceOrientationPortrait UIInterfaceOrientationPortraitUpsideDown";
				IPHONEOS_DEPLOYMENT_TARGET = 13.0;
				LD_RUNPATH_SEARCH_PATHS = (
					"$(inherited)",
					"@executable_path/Frameworks",
				);
				MARKETING_VERSION = 1.0;
				PRODUCT_BUNDLE_IDENTIFIER = "com.vemo-project-ios";
				PRODUCT_NAME = "$(TARGET_NAME)";
				SWIFT_EMIT_LOC_STRINGS = YES;
				SWIFT_VERSION = 5.0;
				TARGETED_DEVICE_FAMILY = "1,2";
			};
			name = Release;
		};
/* End XCBuildConfiguration section */

/* Begin XCConfigurationList section */
		734DC9E528FF42D8007EBD0A /* Build configuration list for PBXProject "vemo_project_ios" */ = {
			isa = XCConfigurationList;
			buildConfigurations = (
				734DC9FC28FF42DA007EBD0A /* Debug */,
				734DC9FD28FF42DA007EBD0A /* Release */,
			);
			defaultConfigurationIsVisible = 0;
			defaultConfigurationName = Release;
		};
		734DC9FE28FF42DA007EBD0A /* Build configuration list for PBXNativeTarget "vemo_project_ios" */ = {
			isa = XCConfigurationList;
			buildConfigurations = (
				734DC9FF28FF42DA007EBD0A /* Debug */,
				734DCA0028FF42DA007EBD0A /* Release */,
			);
			defaultConfigurationIsVisible = 0;
			defaultConfigurationName = Release;
		};
/* End XCConfigurationList section */
	};
	rootObject = 734DC9E228FF42D8007EBD0A /* Project object */;
}
